
Microsoft Visual Studio Solution File, Format Version 12.00
# Visual Studio Version 17
VisualStudioVersion = 17.8.34525.116
MinimumVisualStudioVersion = 10.0.40219.1
Project("{9A19103F-16F7-4668-BE54-9A1E7A4F7556}") = "EduPortal", "EduPortal\EduPortal.csproj", "{FF00CCDB-C84D-491E-9F1E-4FADECABE522}"
EndProject
Project("{FAE04EC0-301F-11D3-BF4B-00C04F79EFBC}") = "EduPortalTesting", "EduPortalTesting\EduPortalTesting.csproj", "{98900C86-8B7A-4BF5-A0B6-97917C859610}"
EndProject
Global
	GlobalSection(SolutionConfigurationPlatforms) = preSolution
		Debug|Any CPU = Debug|Any CPU
		Release|Any CPU = Release|Any CPU
	EndGlobalSection
	GlobalSection(ProjectConfigurationPlatforms) = postSolution
		{FF00CCDB-C84D-491E-9F1E-4FADECABE522}.Debug|Any CPU.ActiveCfg = Debug|Any CPU
		{FF00CCDB-C84D-491E-9F1E-4FADECABE522}.Debug|Any CPU.Build.0 = Debug|Any CPU
		{FF00CCDB-C84D-491E-9F1E-4FADECABE522}.Release|Any CPU.ActiveCfg = Release|Any CPU
		{FF00CCDB-C84D-491E-9F1E-4FADECABE522}.Release|Any CPU.Build.0 = Release|Any CPU
		{98900C86-8B7A-4BF5-A0B6-97917C859610}.Debug|Any CPU.ActiveCfg = Debug|Any CPU
		{98900C86-8B7A-4BF5-A0B6-97917C859610}.Debug|Any CPU.Build.0 = Debug|Any CPU
		{98900C86-8B7A-4BF5-A0B6-97917C859610}.Release|Any CPU.ActiveCfg = Release|Any CPU
		{98900C86-8B7A-4BF5-A0B6-97917C859610}.Release|Any CPU.Build.0 = Release|Any CPU
	EndGlobalSection
	GlobalSection(SolutionProperties) = preSolution
		HideSolutionNode = FALSE
	EndGlobalSection
	GlobalSection(ExtensibilityGlobals) = postSolution
		SolutionGuid = {2A4D8047-30AB-414B-8DB5-6DFD61410485}
	EndGlobalSection
EndGlobal
